{
  "name": "fusionmaps",
  "version": "3.23.0",
  "lockfileVersion": 1,
  "requires": true,
  "dependencies": {
    "@babel/runtime": {
      "version": "7.24.1",
      "resolved": "https://registry.npmjs.org/@babel/runtime/-/runtime-7.24.1.tgz",
      "integrity": "sha512-+BIznRzyqBf+2wCTxcKE3wDjfGeCoVE61KSHGpkzqrLi8qxqFwBeUFyId2cxkTmm55fzDGnm0+yCxaxygrLUnQ==",
      "requires": {
        "regenerator-runtime": "^0.14.0"
      }
    },
    "@fusioncharts/accessibility": {
      "version": "1.9.0",
      "resolved": "https://registry.npmjs.org/@fusioncharts/accessibility/-/accessibility-1.9.0.tgz",
      "integrity": "sha512-UCRqIR5Y2q2QN6aWkY9u6CdsmVC0pvXy/PMTnMszD5fF/u0lKRWfbraybk33W+oMKjSDUZTBAt5Sc2WqkJyWIQ=="
    },
    "@fusioncharts/charts": {
      "version": "3.23.0",
      "resolved": "https://registry.npmjs.org/@fusioncharts/charts/-/charts-3.23.0.tgz",
      "integrity": "sha512-tB4xkAt4vDvXWyJTr/G60pbMkWw0O1l//j+e5JHTe6pBRga46OpVTfgaGbx/J7DbsQH0fBi0HvLCRvDrXxsm8Q==",
      "requires": {
        "@babel/runtime": "^7.9.2",
        "@fusioncharts/core": "^1.9.0",
        "@fusioncharts/features": "^1.9.0",
        "@fusioncharts/utils": "^1.9.0"
      }
    },
    "@fusioncharts/constructor": {
      "version": "1.9.0",
      "resolved": "https://registry.npmjs.org/@fusioncharts/constructor/-/constructor-1.9.0.tgz",
      "integrity": "sha512-X+CsovE9yKzlEBeq1mWtYsM6G3/a0HGzxGyJO56C/MnOaeiI/sgfcj+HsSOTd+Efej1N4M2jG+yZmdIRlyt+qQ==",
      "requires": {
        "@babel/runtime": "^7.9.2",
        "@fusioncharts/core": "^1.9.0",
        "@fusioncharts/maps": "^3.23.0"
      }
    },
    "@fusioncharts/core": {
      "version": "1.9.0",
      "resolved": "https://registry.npmjs.org/@fusioncharts/core/-/core-1.9.0.tgz",
      "integrity": "sha512-KWE2ep8CQxwfhEg9YPh2+2kmW97+AGnl+r1DWier0YRQSQ5Xwbxg0+LStkexhtI/QOTRksLdAZVY5SY7jHh+PA==",
      "requires": {
        "@babel/runtime": "^7.9.2",
        "@fusioncharts/utils": "^1.9.0",
        "core-js": "^3.0.1",
        "ramda": "^0.29.0"
      }
    },
    "@fusioncharts/datatable": {
      "version": "1.9.0",
      "resolved": "https://registry.npmjs.org/@fusioncharts/datatable/-/datatable-1.9.0.tgz",
      "integrity": "sha512-phm07EAr/7DXJaIsy7MIyHuFEzf3XMA9miCU/UbHidride8HjEPQ+wP3KjND3HtPiryHcfEJgeOyoGxwsayt7A==",
      "requires": {
        "@babel/runtime": "^7.9.2",
        "@fusioncharts/utils": "^1.9.0"
      }
    },
    "@fusioncharts/features": {
      "version": "1.9.0",
      "resolved": "https://registry.npmjs.org/@fusioncharts/features/-/features-1.9.0.tgz",
      "integrity": "sha512-WSTUtdBvqq9ehC/Vfa/B6q6XLhaK/bbEfimrZRhuS4sHB3YhTx6hEab0yhNjoXIZLIgNHCEsKiKQRw0DIL45Yw==",
      "requires": {
        "@babel/runtime": "^7.9.2",
        "@fusioncharts/core": "^1.9.0",
        "@fusioncharts/utils": "^1.9.0",
        "jspdf": "^2.5.1"
      }
    },
    "@fusioncharts/fusiontime": {
      "version": "2.9.0",
      "resolved": "https://registry.npmjs.org/@fusioncharts/fusiontime/-/fusiontime-2.9.0.tgz",
      "integrity": "sha512-/NeLtto9Tu89iO7aj+AhZi3PFuseBqzK0olM0wyBTKtlE0s4m9S5jSTXYYeNG6peO3i8IRM4eIiTsexl5IuKfA==",
      "requires": {
        "@babel/runtime": "^7.9.2",
        "@fusioncharts/charts": "^3.23.0",
        "@fusioncharts/core": "^1.9.0",
        "@fusioncharts/datatable": "^1.9.0",
        "@fusioncharts/utils": "^1.9.0",
        "ramda": "^0.29.0"
      }
    },
    "@fusioncharts/maps": {
      "version": "3.23.0",
      "resolved": "https://registry.npmjs.org/@fusioncharts/maps/-/maps-3.23.0.tgz",
      "integrity": "sha512-9GmNsclWEPrbgd0OPwkQdmthClZgMvnAmhH2vZNbFeOfoRvRESWU+3WxIHBQDd1wXTE0ivaVc8wunDjlGsR56Q==",
      "requires": {
        "@babel/runtime": "^7.9.2",
        "@fusioncharts/charts": "^3.23.0",
        "@fusioncharts/core": "^1.9.0",
        "@fusioncharts/features": "^1.9.0"
      }
    },
    "@fusioncharts/powercharts": {
      "version": "3.23.0",
      "resolved": "https://registry.npmjs.org/@fusioncharts/powercharts/-/powercharts-3.23.0.tgz",
      "integrity": "sha512-6LJC2LfdKx7yN2m0e7Bk51o7EmPVzDH8W6QTL8olT7p00HdZwNnmaK3VTScp4m/yd6p7oUxQKYqW4YjmnLoAgQ==",
      "requires": {
        "@babel/runtime": "^7.9.2",
        "@fusioncharts/charts": "^3.23.0",
        "@fusioncharts/core": "^1.9.0",
        "@fusioncharts/utils": "^1.9.0"
      }
    },
    "@fusioncharts/utils": {
      "version": "1.9.0",
      "resolved": "https://registry.npmjs.org/@fusioncharts/utils/-/utils-1.9.0.tgz",
      "integrity": "sha512-Vukhc83zvI3R5bevwRTx3UvzzjP3+3j0cjHVqD0hhVQDgKaFRLcIhw1c4y9qkBDzjDeJ+IbNBfp0cm1uMbbx/w==",
      "requires": {
        "@babel/runtime": "^7.9.2",
        "ramda": "^0.29.0"
      }
    },
    "@fusioncharts/widgets": {
      "version": "3.23.0",
      "resolved": "https://registry.npmjs.org/@fusioncharts/widgets/-/widgets-3.23.0.tgz",
      "integrity": "sha512-GB5ePnk7UJBmMU4AlTmcw2az+kGFguQKCBt8sXwaetzEGL+bKr3DNGvLnqXg8fOQx92gY6CHed97zgdwdnR+zg==",
      "requires": {
        "@babel/runtime": "^7.9.2",
        "@fusioncharts/charts": "^3.23.0",
        "@fusioncharts/constructor": "^1.9.0",
        "@fusioncharts/core": "^1.9.0",
        "@fusioncharts/features": "^1.9.0",
        "@fusioncharts/utils": "^1.9.0"
      }
    },
    "@types/raf": {
      "version": "3.4.3",
      "resolved": "https://registry.npmjs.org/@types/raf/-/raf-3.4.3.tgz",
      "integrity": "sha512-c4YAvMedbPZ5tEyxzQdMoOhhJ4RD3rngZIdwC2/qDN3d7JpEhB6fiBRKVY1lg5B7Wk+uPBjn5f39j1/2MY1oOw==",
      "optional": true
    },
    "atob": {
      "version": "2.1.2",
      "resolved": "https://registry.npmjs.org/atob/-/atob-2.1.2.tgz",
      "integrity": "sha512-Wm6ukoaOGJi/73p/cl2GvLjTI5JM1k/O14isD73YML8StrH/7/lRFgmg8nICZgD3bZZvjwCGxtMOD3wWNAu8cg=="
    },
    "base64-arraybuffer": {
      "version": "1.0.2",
      "resolved": "https://registry.npmjs.org/base64-arraybuffer/-/base64-arraybuffer-1.0.2.tgz",
      "integrity": "sha512-I3yl4r9QB5ZRY3XuJVEPfc2XhZO6YweFPI+UovAzn+8/hb3oJ6lnysaFcjVpkCPfVWFUDvoZ8kmVDP7WyRtYtQ==",
      "optional": true
    },
    "btoa": {
      "version": "1.2.1",
      "resolved": "https://registry.npmjs.org/btoa/-/btoa-1.2.1.tgz",
      "integrity": "sha512-SB4/MIGlsiVkMcHmT+pSmIPoNDoHg+7cMzmt3Uxt628MTz2487DKSqK/fuhFBrkuqrYv5UCEnACpF4dTFNKc/g=="
    },
    "canvg": {
      "version": "3.0.10",
      "resolved": "https://registry.npmjs.org/canvg/-/canvg-3.0.10.tgz",
      "integrity": "sha512-qwR2FRNO9NlzTeKIPIKpnTY6fqwuYSequ8Ru8c0YkYU7U0oW+hLUvWadLvAu1Rl72OMNiFhoLu4f8eUjQ7l/+Q==",
      "optional": true,
      "requires": {
        "@babel/runtime": "^7.12.5",
        "@types/raf": "^3.4.0",
        "core-js": "^3.8.3",
        "raf": "^3.4.1",
        "regenerator-runtime": "^0.13.7",
        "rgbcolor": "^1.0.1",
        "stackblur-canvas": "^2.0.0",
        "svg-pathdata": "^6.0.3"
      },
      "dependencies": {
        "regenerator-runtime": {
          "version": "0.13.11",
          "resolved": "https://registry.npmjs.org/regenerator-runtime/-/regenerator-runtime-0.13.11.tgz",
          "integrity": "sha512-kY1AZVr2Ra+t+piVaJ4gxaFaReZVH40AKNo7UCX6W+dEwBo/2oZJzqfuN1qLq1oL45o56cPaTXELwrTh8Fpggg==",
          "optional": true
        }
      }
    },
    "core-js": {
      "version": "3.36.1",
      "resolved": "https://registry.npmjs.org/core-js/-/core-js-3.36.1.tgz",
      "integrity": "sha512-BTvUrwxVBezj5SZ3f10ImnX2oRByMxql3EimVqMysepbC9EeMUOpLwdy6Eoili2x6E4kf+ZUB5k/+Jv55alPfA=="
    },
    "css-line-break": {
      "version": "2.1.0",
      "resolved": "https://registry.npmjs.org/css-line-break/-/css-line-break-2.1.0.tgz",
      "integrity": "sha512-FHcKFCZcAha3LwfVBhCQbW2nCNbkZXn7KVUJcsT5/P8YmfsVja0FMPJr0B903j/E69HUphKiV9iQArX8SDYA4w==",
      "optional": true,
      "requires": {
        "utrie": "^1.0.2"
      }
    },
    "dompurify": {
      "version": "2.4.9",
      "resolved": "https://registry.npmjs.org/dompurify/-/dompurify-2.4.9.tgz",
      "integrity": "sha512-iHtnxYMotKgOTvxIqq677JsKHvCOkAFqj9x8Mek2zdeHW1XjuFKwjpmZeMaXQRQ8AbJZDbcRz/+r1QhwvFtmQg==",
      "optional": true
    },
    "fflate": {
      "version": "0.4.8",
      "resolved": "https://registry.npmjs.org/fflate/-/fflate-0.4.8.tgz",
      "integrity": "sha512-FJqqoDBR00Mdj9ppamLa/Y7vxm+PRmNWA67N846RvsoYVMKB4q3y/de5PA7gUmRMYK/8CMz2GDZQmCRN1wBcWA=="
    },
    "html2canvas": {
      "version": "1.4.1",
      "resolved": "https://registry.npmjs.org/html2canvas/-/html2canvas-1.4.1.tgz",
      "integrity": "sha512-fPU6BHNpsyIhr8yyMpTLLxAbkaK8ArIBcmZIRiBLiDhjeqvXolaEmDGmELFuX9I4xDcaKKcJl+TKZLqruBbmWA==",
      "optional": true,
      "requires": {
        "css-line-break": "^2.1.0",
        "text-segmentation": "^1.0.3"
      }
    },
    "jspdf": {
      "version": "2.5.1",
      "resolved": "https://registry.npmjs.org/jspdf/-/jspdf-2.5.1.tgz",
      "integrity": "sha512-hXObxz7ZqoyhxET78+XR34Xu2qFGrJJ2I2bE5w4SM8eFaFEkW2xcGRVUss360fYelwRSid/jT078kbNvmoW0QA==",
      "requires": {
        "@babel/runtime": "^7.14.0",
        "atob": "^2.1.2",
        "btoa": "^1.2.1",
        "canvg": "^3.0.6",
        "core-js": "^3.6.0",
        "dompurify": "^2.2.0",
        "fflate": "^0.4.8",
        "html2canvas": "^1.0.0-rc.5"
      }
    },
    "mutationobserver-shim": {
      "version": "0.3.7",
      "resolved": "https://registry.npmjs.org/mutationobserver-shim/-/mutationobserver-shim-0.3.7.tgz",
      "integrity": "sha512-oRIDTyZQU96nAiz2AQyngwx1e89iApl2hN5AOYwyxLUB47UYsU3Wv9lJWqH5y/QdiYkc5HQLi23ZNB3fELdHcQ=="
    },
    "performance-now": {
      "version": "2.1.0",
      "resolved": "https://registry.npmjs.org/performance-now/-/performance-now-2.1.0.tgz",
      "integrity": "sha512-7EAHlyLHI56VEIdK57uwHdHKIaAGbnXPiw0yWbarQZOKaKpvUIgW0jWRVLiatnM+XXlSwsanIBH/hzGMJulMow==",
      "optional": true
    },
    "promise-polyfill": {
      "version": "8.3.0",
      "resolved": "https://registry.npmjs.org/promise-polyfill/-/promise-polyfill-8.3.0.tgz",
      "integrity": "sha512-H5oELycFml5yto/atYqmjyigJoAo3+OXwolYiH7OfQuYlAqhxNvTfiNMbV9hsC6Yp83yE5r2KTVmtrG6R9i6Pg=="
    },
    "raf": {
      "version": "3.4.1",
      "resolved": "https://registry.npmjs.org/raf/-/raf-3.4.1.tgz",
      "integrity": "sha512-Sq4CW4QhwOHE8ucn6J34MqtZCeWFP2aQSmrlroYgqAV1PjStIhJXxYuTgUIfkEk7zTLjmIjLmU5q+fbD1NnOJA==",
      "optional": true,
      "requires": {
        "performance-now": "^2.1.0"
      }
    },
    "ramda": {
      "version": "0.29.1",
      "resolved": "https://registry.npmjs.org/ramda/-/ramda-0.29.1.tgz",
      "integrity": "sha512-OfxIeWzd4xdUNxlWhgFazxsA/nl3mS4/jGZI5n00uWOoSSFRhC1b6gl6xvmzUamgmqELraWp0J/qqVlXYPDPyA=="
    },
    "regenerator-runtime": {
      "version": "0.14.1",
      "resolved": "https://registry.npmjs.org/regenerator-runtime/-/regenerator-runtime-0.14.1.tgz",
      "integrity": "sha512-dYnhHh0nJoMfnkZs6GmmhFknAGRrLznOu5nc9ML+EJxGvrx6H7teuevqVqCuPcPK//3eDrrjQhehXVx9cnkGdw=="
    },
    "rgbcolor": {
      "version": "1.0.1",
      "resolved": "https://registry.npmjs.org/rgbcolor/-/rgbcolor-1.0.1.tgz",
      "integrity": "sha512-9aZLIrhRaD97sgVhtJOW6ckOEh6/GnvQtdVNfdZ6s67+3/XwLS9lBcQYzEEhYVeUowN7pRzMLsyGhK2i/xvWbw==",
      "optional": true
    },
    "stackblur-canvas": {
      "version": "2.7.0",
      "resolved": "https://registry.npmjs.org/stackblur-canvas/-/stackblur-canvas-2.7.0.tgz",
      "integrity": "sha512-yf7OENo23AGJhBriGx0QivY5JP6Y1HbrrDI6WLt6C5auYZXlQrheoY8hD4ibekFKz1HOfE48Ww8kMWMnJD/zcQ==",
      "optional": true
    },
    "svg-pathdata": {
      "version": "6.0.3",
      "resolved": "https://registry.npmjs.org/svg-pathdata/-/svg-pathdata-6.0.3.tgz",
      "integrity": "sha512-qsjeeq5YjBZ5eMdFuUa4ZosMLxgr5RZ+F+Y1OrDhuOCEInRMA3x74XdBtggJcj9kOeInz0WE+LgCPDkZFlBYJw==",
      "optional": true
    },
    "text-segmentation": {
      "version": "1.0.3",
      "resolved": "https://registry.npmjs.org/text-segmentation/-/text-segmentation-1.0.3.tgz",
      "integrity": "sha512-iOiPUo/BGnZ6+54OsWxZidGCsdU8YbE4PSpdPinp7DeMtUJNJBoJ/ouUSTJjHkh1KntHaltHl/gDs2FC4i5+Nw==",
      "optional": true,
      "requires": {
        "utrie": "^1.0.2"
      }
    },
    "utrie": {
      "version": "1.0.2",
      "resolved": "https://registry.npmjs.org/utrie/-/utrie-1.0.2.tgz",
      "integrity": "sha512-1MLa5ouZiOmQzUbjbu9VmjLzn1QLXBhwpUa7kdLUQK+KQ5KA9I1vk5U4YHe/X2Ch7PYnJfWuWT+VbuxbGwljhw==",
      "optional": true,
      "requires": {
        "base64-arraybuffer": "^1.0.2"
      }
    }
  }
}
